
Microsoft Visual Studio Solution File, Format Version 12.00
# Visual Studio Version 16
VisualStudioVersion = 16.0.29215.179
MinimumVisualStudioVersion = 10.0.40219.1
Project("{FAE04EC0-301F-11D3-BF4B-00C04F79EFBC}") = "DifficultySettings", "DifficultySettings\DifficultySettings.csproj", "{4988E64C-2CB0-485D-9880-1C8B4DE37AE7}"
EndProject
Global
	GlobalSection(SolutionConfigurationPlatforms) = preSolution
		Debug|Any CPU = Debug|Any CPU
		Release|Any CPU = Release|Any CPU
	EndGlobalSection
	GlobalSection(ProjectConfigurationPlatforms) = postSolution
		{4988E64C-2CB0-485D-9880-1C8B4DE37AE7}.Debug|Any CPU.ActiveCfg = Debug|Any CPU
		{4988E64C-2CB0-485D-9880-1C8B4DE37AE7}.Debug|Any CPU.Build.0 = Debug|Any CPU
		{4988E64C-2CB0-485D-9880-1C8B4DE37AE7}.Release|Any CPU.ActiveCfg = Release|Any CPU
		{4988E64C-2CB0-485D-9880-1C8B4DE37AE7}.Release|Any CPU.Build.0 = Release|Any CPU
	EndGlobalSection
	GlobalSection(SolutionProperties) = preSolution
		HideSolutionNode = FALSE
	EndGlobalSection
	GlobalSection(ExtensibilityGlobals) = postSolution
		SolutionGuid = {7881FAAA-1DE3-475F-ABC7-BD8BF6B3B464}
	EndGlobalSection
EndGlobal
